
Microsoft Visual Studio Solution File, Format Version 12.00
# Visual Studio Version 17
VisualStudioVersion = 17.2.32505.173
MinimumVisualStudioVersion = 10.0.40219.1
Project("{9A19103F-16F7-4668-BE54-9A1E7A4F7556}") = "WorldCitiesAPI", "WorldCitiesAPI.csproj", "{CA9162C5-DBAB-49B8-AA92-D9C642798EBF}"
EndProject
Global
	GlobalSection(SolutionConfigurationPlatforms) = preSolution
		Debug|Any CPU = Debug|Any CPU
		Release|Any CPU = Release|Any CPU
	EndGlobalSection
	GlobalSection(ProjectConfigurationPlatforms) = postSolution
		{CA9162C5-DBAB-49B8-AA92-D9C642798EBF}.Debug|Any CPU.ActiveCfg = Debug|Any CPU
		{CA9162C5-DBAB-49B8-AA92-D9C642798EBF}.Debug|Any CPU.Build.0 = Debug|Any CPU
		{CA9162C5-DBAB-49B8-AA92-D9C642798EBF}.Release|Any CPU.ActiveCfg = Release|Any CPU
		{CA9162C5-DBAB-49B8-AA92-D9C642798EBF}.Release|Any CPU.Build.0 = Release|Any CPU
	EndGlobalSection
	GlobalSection(SolutionProperties) = preSolution
		HideSolutionNode = FALSE
	EndGlobalSection
	GlobalSection(ExtensibilityGlobals) = postSolution
		SolutionGuid = {49CEDD39-59E4-46D3-833A-72EEB33556B7}
	EndGlobalSection
EndGlobal
